dependencies:
- name: voting-app
  repository: file://charts/voting-app
  version: 0.1.0
- name: redis
  repository: https://charts.bitnami.com/bitnami
  version: 18.12.1
- name: nginx-ingress-controller
  repository: https://charts.bitnami.com/bitnami
  version: 10.3.5
digest: sha256:2c1937c976acd8076f133665aac7407d65102a1ad6e366ce4306231837da2f5b
generated: "2024-02-13T09:11:57.61945+01:00"
